
Microsoft Visual Studio Solution File, Format Version 12.00
# Visual Studio Version 16
VisualStudioVersion = 16.0.31205.134
MinimumVisualStudioVersion = 10.0.40219.1
Project("{FAE04EC0-301F-11D3-BF4B-00C04F79EFBC}") = "RateLimit.API", "RateLimit.API\RateLimit.API.csproj", "{D075504E-79B7-4C3B-B56B-19BF9B04F164}"
EndProject
Global
	GlobalSection(SolutionConfigurationPlatforms) = preSolution
		Debug|Any CPU = Debug|Any CPU
		Release|Any CPU = Release|Any CPU
	EndGlobalSection
	GlobalSection(ProjectConfigurationPlatforms) = postSolution
		{D075504E-79B7-4C3B-B56B-19BF9B04F164}.Debug|Any CPU.ActiveCfg = Debug|Any CPU
		{D075504E-79B7-4C3B-B56B-19BF9B04F164}.Debug|Any CPU.Build.0 = Debug|Any CPU
		{D075504E-79B7-4C3B-B56B-19BF9B04F164}.Release|Any CPU.ActiveCfg = Release|Any CPU
		{D075504E-79B7-4C3B-B56B-19BF9B04F164}.Release|Any CPU.Build.0 = Release|Any CPU
	EndGlobalSection
	GlobalSection(SolutionProperties) = preSolution
		HideSolutionNode = FALSE
	EndGlobalSection
	GlobalSection(ExtensibilityGlobals) = postSolution
		SolutionGuid = {BCAF6865-FD48-4C53-9F40-E5F0AB59473E}
	EndGlobalSection
EndGlobal
